{
  "originHash" : "e043e35d89fc9c175f4169f4aa9709becdfb87b915ef76ee944456cb593c96b1",
  "pins" : [
    {
      "identity" : "hotwire-native-ios",
      "kind" : "remoteSourceControl",
      "location" : "https://github.com/hotwired/hotwire-native-ios",
      "state" : {
        "revision" : "aa5da14014143be76e7856f2bf07cf887fb7bfe0",
        "version" : "1.1.0"
      }
    }
  ],
  "version" : 3
}
